
Microsoft Visual Studio Solution File, Format Version 12.00
# Visual Studio 2012
Project("{F184B08F-C81C-45F6-A57F-5ABD9991F28F}") = "CCS5 Categories", "CCS5 Categories\CCS5 Categories.vbproj", "{509A7BC2-36E7-4674-AE24-11D690D8B009}"
EndProject
Global
	GlobalSection(SolutionConfigurationPlatforms) = preSolution
		Debug|Any CPU = Debug|Any CPU
		Release|Any CPU = Release|Any CPU
	EndGlobalSection
	GlobalSection(ProjectConfigurationPlatforms) = postSolution
		{509A7BC2-36E7-4674-AE24-11D690D8B009}.Debug|Any CPU.ActiveCfg = Debug|Any CPU
		{509A7BC2-36E7-4674-AE24-11D690D8B009}.Debug|Any CPU.Build.0 = Debug|Any CPU
		{509A7BC2-36E7-4674-AE24-11D690D8B009}.Release|Any CPU.ActiveCfg = Release|Any CPU
		{509A7BC2-36E7-4674-AE24-11D690D8B009}.Release|Any CPU.Build.0 = Release|Any CPU
	EndGlobalSection
	GlobalSection(SolutionProperties) = preSolution
		HideSolutionNode = FALSE
	EndGlobalSection
EndGlobal
